
Microsoft Visual Studio Solution File, Format Version 12.00
# Visual Studio 2013
VisualStudioVersion = 12.0.31101.0
MinimumVisualStudioVersion = 10.0.40219.1
Project("{FAE04EC0-301F-11D3-BF4B-00C04F79EFBC}") = "Webcal.DataService.TestClient", "Webcal.DataService.TestClient\Webcal.DataService.TestClient.csproj", "{A390A9E0-8F43-41A5-930A-F4351DECF517}"
	ProjectSection(ProjectDependencies) = postProject
		{8055AAFC-751E-46E6-B3E2-9D159355D036} = {8055AAFC-751E-46E6-B3E2-9D159355D036}
	EndProjectSection
EndProject
Project("{FAE04EC0-301F-11D3-BF4B-00C04F79EFBC}") = "Webcal.DataService.WCFService", "Webcal.DataService.WCFService\Webcal.DataService.WCFService.csproj", "{8055AAFC-751E-46E6-B3E2-9D159355D036}"
EndProject
Project("{FAE04EC0-301F-11D3-BF4B-00C04F79EFBC}") = "Webcal.DataService.Shared", "Webcal.DataService.Shared\Webcal.DataService.Shared.csproj", "{242A1FA2-9833-4993-86B3-37F1B681B1DC}"
EndProject
Project("{FAE04EC0-301F-11D3-BF4B-00C04F79EFBC}") = "Webcal.DataService.Data", "Webcal.DataService.Data\Webcal.DataService.Data.csproj", "{BA2A24B6-1FAA-46A6-BD86-73ECA78B7C63}"
EndProject
Global
	GlobalSection(SolutionConfigurationPlatforms) = preSolution
		Debug|Any CPU = Debug|Any CPU
		Release|Any CPU = Release|Any CPU
	EndGlobalSection
	GlobalSection(ProjectConfigurationPlatforms) = postSolution
		{A390A9E0-8F43-41A5-930A-F4351DECF517}.Debug|Any CPU.ActiveCfg = Debug|Any CPU
		{A390A9E0-8F43-41A5-930A-F4351DECF517}.Debug|Any CPU.Build.0 = Debug|Any CPU
		{A390A9E0-8F43-41A5-930A-F4351DECF517}.Release|Any CPU.ActiveCfg = Release|Any CPU
		{A390A9E0-8F43-41A5-930A-F4351DECF517}.Release|Any CPU.Build.0 = Release|Any CPU
		{8055AAFC-751E-46E6-B3E2-9D159355D036}.Debug|Any CPU.ActiveCfg = Debug|Any CPU
		{8055AAFC-751E-46E6-B3E2-9D159355D036}.Debug|Any CPU.Build.0 = Debug|Any CPU
		{8055AAFC-751E-46E6-B3E2-9D159355D036}.Release|Any CPU.ActiveCfg = Release|Any CPU
		{8055AAFC-751E-46E6-B3E2-9D159355D036}.Release|Any CPU.Build.0 = Release|Any CPU
		{242A1FA2-9833-4993-86B3-37F1B681B1DC}.Debug|Any CPU.ActiveCfg = Debug|Any CPU
		{242A1FA2-9833-4993-86B3-37F1B681B1DC}.Debug|Any CPU.Build.0 = Debug|Any CPU
		{242A1FA2-9833-4993-86B3-37F1B681B1DC}.Release|Any CPU.ActiveCfg = Release|Any CPU
		{242A1FA2-9833-4993-86B3-37F1B681B1DC}.Release|Any CPU.Build.0 = Release|Any CPU
		{BA2A24B6-1FAA-46A6-BD86-73ECA78B7C63}.Debug|Any CPU.ActiveCfg = Debug|Any CPU
		{BA2A24B6-1FAA-46A6-BD86-73ECA78B7C63}.Debug|Any CPU.Build.0 = Debug|Any CPU
		{BA2A24B6-1FAA-46A6-BD86-73ECA78B7C63}.Release|Any CPU.ActiveCfg = Release|Any CPU
		{BA2A24B6-1FAA-46A6-BD86-73ECA78B7C63}.Release|Any CPU.Build.0 = Release|Any CPU
	EndGlobalSection
	GlobalSection(SolutionProperties) = preSolution
		HideSolutionNode = FALSE
	EndGlobalSection
EndGlobal
